{
  "version": "3",
  "packages": {
    "specifiers": {
      "npm:@types/node": "npm:@types/node@18.16.19",
      "npm:linkedom": "npm:linkedom@0.16.11"
    },
    "npm": {
      "@types/node@18.16.19": {
        "integrity": "sha512-IXl7o+R9iti9eBW4Wg2hx1xQDig183jj7YLn8F7udNceyfkbn1ZxmzZXuak20gR40D7pIkIY1kYGx5VIGbaHKA==",
        "dependencies": {}
      },
      "boolbase@1.0.0": {
        "integrity": "sha512-JZOSA7Mo9sNGB8+UjSgzdLtokWAky1zbztM3WRLCbZ70/3cTANmQmOdR7y2g+J0e2WXywy1yS468tY+IruqEww==",
        "dependencies": {}
      },
      "css-select@5.1.0": {
        "integrity": "sha512-nwoRF1rvRRnnCqqY7updORDsuqKzqYJ28+oSMaJMMgOauh3fvwHqMS7EZpIPqK8GL+g9mKxF1vP/ZjSeNjEVHg==",
        "dependencies": {
          "boolbase": "boolbase@1.0.0",
          "css-what": "css-what@6.1.0",
          "domhandler": "domhandler@5.0.3",
          "domutils": "domutils@3.1.0",
          "nth-check": "nth-check@2.1.1"
        }
      },
      "css-what@6.1.0": {
        "integrity": "sha512-HTUrgRJ7r4dsZKU6GjmpfRK1O76h97Z8MfS1G0FozR+oF2kG6Vfe8JE6zwrkbxigziPHinCJ+gCPjA9EaBDtRw==",
        "dependencies": {}
      },
      "cssom@0.5.0": {
        "integrity": "sha512-iKuQcq+NdHqlAcwUY0o/HL69XQrUaQdMjmStJ8JFmUaiiQErlhrmuigkg/CU4E2J0IyUKUrMAgl36TvN67MqTw==",
        "dependencies": {}
      },
      "dom-serializer@2.0.0": {
        "integrity": "sha512-wIkAryiqt/nV5EQKqQpo3SToSOV9J0DnbJqwK7Wv/Trc92zIAYZ4FlMu+JPFW1DfGFt81ZTCGgDEabffXeLyJg==",
        "dependencies": {
          "domelementtype": "domelementtype@2.3.0",
          "domhandler": "domhandler@5.0.3",
          "entities": "entities@4.5.0"
        }
      },
      "domelementtype@2.3.0": {
        "integrity": "sha512-OLETBj6w0OsagBwdXnPdN0cnMfF9opN69co+7ZrbfPGrdpPVNBUj02spi6B1N7wChLQiPn4CSH/zJvXw56gmHw==",
        "dependencies": {}
      },
      "domhandler@5.0.3": {
        "integrity": "sha512-cgwlv/1iFQiFnU96XXgROh8xTeetsnJiDsTc7TYCLFd9+/WNkIqPTxiM/8pSd8VIrhXGTf1Ny1q1hquVqDJB5w==",
        "dependencies": {
          "domelementtype": "domelementtype@2.3.0"
        }
      },
      "domutils@3.1.0": {
        "integrity": "sha512-H78uMmQtI2AhgDJjWeQmHwJJ2bLPD3GMmO7Zja/ZZh84wkm+4ut+IUnUdRa8uCGX88DiVx1j6FRe1XfxEgjEZA==",
        "dependencies": {
          "dom-serializer": "dom-serializer@2.0.0",
          "domelementtype": "domelementtype@2.3.0",
          "domhandler": "domhandler@5.0.3"
        }
      },
      "entities@4.5.0": {
        "integrity": "sha512-V0hjH4dGPh9Ao5p0MoRY6BVqtwCjhz6vI5LT8AJ55H+4g9/4vbHx1I54fS0XuclLhDHArPQCiMjDxjaL8fPxhw==",
        "dependencies": {}
      },
      "html-escaper@3.0.3": {
        "integrity": "sha512-RuMffC89BOWQoY0WKGpIhn5gX3iI54O6nRA0yC124NYVtzjmFWBIiFd8M0x+ZdX0P9R4lADg1mgP8C7PxGOWuQ==",
        "dependencies": {}
      },
      "htmlparser2@9.1.0": {
        "integrity": "sha512-5zfg6mHUoaer/97TxnGpxmbR7zJtPwIYFMZ/H5ucTlPZhKvtum05yiPK3Mgai3a0DyVxv7qYqoweaEd2nrYQzQ==",
        "dependencies": {
          "domelementtype": "domelementtype@2.3.0",
          "domhandler": "domhandler@5.0.3",
          "domutils": "domutils@3.1.0",
          "entities": "entities@4.5.0"
        }
      },
      "linkedom@0.16.11": {
        "integrity": "sha512-WgaTVbj7itjyXTsCvgerpneERXShcnNJF5VIV+/4SLtyRLN+HppPre/WDHRofAr2IpEuujSNgJbCBd5lMl6lRw==",
        "dependencies": {
          "css-select": "css-select@5.1.0",
          "cssom": "cssom@0.5.0",
          "html-escaper": "html-escaper@3.0.3",
          "htmlparser2": "htmlparser2@9.1.0",
          "uhyphen": "uhyphen@0.2.0"
        }
      },
      "nth-check@2.1.1": {
        "integrity": "sha512-lqjrjmaOoAnWfMmBPL+XNnynZh2+swxiX3WUE0s4yEHI6m+AwrK2UZOimIRl3X/4QctVqS8AiZjFqyOGrMXb/w==",
        "dependencies": {
          "boolbase": "boolbase@1.0.0"
        }
      },
      "uhyphen@0.2.0": {
        "integrity": "sha512-qz3o9CHXmJJPGBdqzab7qAYuW8kQGKNEuoHFYrBwV6hWIMcpAmxDLXojcHfFr9US1Pe6zUswEIJIbLI610fuqA==",
        "dependencies": {}
      }
    }
  },
  "redirects": {
    "https://cdn.esm.sh/extract-files@12.0.0/extractFiles.mjs": "https://esm.sh/extract-files@12.0.0/extractFiles.mjs",
    "https://cdn.esm.sh/extract-files@12.0.0/isExtractableFile.mjs": "https://esm.sh/extract-files@12.0.0/isExtractableFile.mjs",
    "https://deno.land/x/graphql_request/mod.ts": "https://deno.land/x/graphql_request@v4.1.0/mod.ts",
    "https://deno.land/x/sqlite/mod.ts": "https://deno.land/x/sqlite@v3.8/mod.ts"
  },
  "remote": {
    "https://deno.land/std@0.91.0/_util/assert.ts": "2f868145a042a11d5ad0a3c748dcf580add8a0dbc0e876eaa0026303a5488f58",
    "https://deno.land/std@0.91.0/_util/os.ts": "e282950a0eaa96760c0cf11e7463e66babd15ec9157d4c9ed49cc0925686f6a7",
    "https://deno.land/std@0.91.0/encoding/base64.ts": "eecae390f1f1d1cae6f6c6d732ede5276bf4b9cd29b1d281678c054dc5cc009e",
    "https://deno.land/std@0.91.0/encoding/hex.ts": "f952e0727bddb3b2fd2e6889d104eacbd62e92091f540ebd6459317a61932d9b",
    "https://deno.land/std@0.91.0/fs/_util.ts": "f2ce811350236ea8c28450ed822a5f42a0892316515b1cd61321dec13569c56b",
    "https://deno.land/std@0.91.0/fs/ensure_dir.ts": "f21262e788a707aaa2dd22064da7cd40e3b2f0f067e9b2aed1b288091170cc05",
    "https://deno.land/std@0.91.0/fs/exists.ts": "b0d2e31654819cc2a8d37df45d6b14686c0cc1d802e9ff09e902a63e98b85a00",
    "https://deno.land/std@0.91.0/hash/_wasm/hash.ts": "cb6ad1ab429f8ac9d6eae48f3286e08236d662e1a2e5cfd681ba1c0f17375895",
    "https://deno.land/std@0.91.0/hash/_wasm/wasm.js": "94b1b997ae6fb4e6d2156bcea8f79cfcd1e512a91252b08800a92071e5e84e1a",
    "https://deno.land/std@0.91.0/hash/mod.ts": "5d032bd34186cda2f8d17fc122d621430953a6030d4b3f11172004715e3e2441",
    "https://deno.land/std@0.91.0/path/_constants.ts": "1247fee4a79b70c89f23499691ef169b41b6ccf01887a0abd131009c5581b853",
    "https://deno.land/std@0.91.0/path/_interface.ts": "1fa73b02aaa24867e481a48492b44f2598cd9dfa513c7b34001437007d3642e4",
    "https://deno.land/std@0.91.0/path/_util.ts": "2e06a3b9e79beaf62687196bd4b60a4c391d862cfa007a20fc3a39f778ba073b",
    "https://deno.land/std@0.91.0/path/common.ts": "eaf03d08b569e8a87e674e4e265e099f237472b6fd135b3cbeae5827035ea14a",
    "https://deno.land/std@0.91.0/path/glob.ts": "4a524c1c9da3e79a9fdabdc6e850cd9e41bdf31e442856ffa19c5b123268ca95",
    "https://deno.land/std@0.91.0/path/mod.ts": "4465dc494f271b02569edbb4a18d727063b5dbd6ed84283ff906260970a15d12",
    "https://deno.land/std@0.91.0/path/posix.ts": "f56c3c99feb47f30a40ce9d252ef6f00296fa7c0fcb6dd81211bdb3b8b99ca3b",
    "https://deno.land/std@0.91.0/path/separator.ts": "8fdcf289b1b76fd726a508f57d3370ca029ae6976fcde5044007f062e643ff1c",
    "https://deno.land/std@0.91.0/path/win32.ts": "77f7b3604e0de40f3a7c698e8a79e7f601dc187035a1c21cb1e596666ce112f8",
    "https://deno.land/std@0.93.0/_util/assert.ts": "2f868145a042a11d5ad0a3c748dcf580add8a0dbc0e876eaa0026303a5488f58",
    "https://deno.land/std@0.93.0/_util/os.ts": "e282950a0eaa96760c0cf11e7463e66babd15ec9157d4c9ed49cc0925686f6a7",
    "https://deno.land/std@0.93.0/bytes/mod.ts": "1ae1ccfe98c4b979f12b015982c7444f81fcb921bea7aa215bf37d84f46e1e13",
    "https://deno.land/std@0.93.0/encoding/base64.ts": "eecae390f1f1d1cae6f6c6d732ede5276bf4b9cd29b1d281678c054dc5cc009e",
    "https://deno.land/std@0.93.0/fmt/printf.ts": "7ec612e9b89958b8f7710129f74f502327aad285a9e48ee5297f5882fbc3a078",
    "https://deno.land/std@0.93.0/fs/_util.ts": "f2ce811350236ea8c28450ed822a5f42a0892316515b1cd61321dec13569c56b",
    "https://deno.land/std@0.93.0/fs/copy.ts": "631bbafbfe6cba282158abc8aeb7e8251cc69a7ec28ce12878ea1b75fec2add4",
    "https://deno.land/std@0.93.0/fs/ensure_dir.ts": "b7c103dc41a3d1dbbb522bf183c519c37065fdc234831a4a0f7d671b1ed5fea7",
    "https://deno.land/std@0.93.0/fs/exists.ts": "b0d2e31654819cc2a8d37df45d6b14686c0cc1d802e9ff09e902a63e98b85a00",
    "https://deno.land/std@0.93.0/fs/walk.ts": "8d37f2164a7397668842a7cb5d53b9e7bcd216462623b1b96abe519f76d7f8b9",
    "https://deno.land/std@0.93.0/io/buffer.ts": "2a92f02c1d8daaebaf13e5678ea5969c89f4fab533f687b9e7e86f49f11c3118",
    "https://deno.land/std@0.93.0/io/bufio.ts": "729ea49afacd27ed0687451c694752dcaa68250871d1c957ca886ef5d82c461f",
    "https://deno.land/std@0.93.0/io/ioutil.ts": "275fa440494df9b4b3aa656301ced2eeac533feec128b3a39b2b40f4cd957e42",
    "https://deno.land/std@0.93.0/io/mod.ts": "ae04a3f647845dd8ce0a523c208f80636d0640d9e5c730f0e6272cf86c1c0855",
    "https://deno.land/std@0.93.0/io/readers.ts": "17403919724fef2f343c88555606368868a5c752a1099ad801f6a381c170f62d",
    "https://deno.land/std@0.93.0/io/streams.ts": "61c441d9d60eda8d5a3782517042536ce87ffd29a8bb72bdab4bdb5fe048e877",
    "https://deno.land/std@0.93.0/io/util.ts": "843ccf667ff291ba2315c2419a54b4e76dbc7c0f6c3152f640eac4dc954e3753",
    "https://deno.land/std@0.93.0/io/writers.ts": "5453864be11da42dc91f19eb14c0a0e27e9e7f21f5c7174f5419921a6ab64fda",
    "https://deno.land/std@0.93.0/path/_constants.ts": "1247fee4a79b70c89f23499691ef169b41b6ccf01887a0abd131009c5581b853",
    "https://deno.land/std@0.93.0/path/_interface.ts": "1fa73b02aaa24867e481a48492b44f2598cd9dfa513c7b34001437007d3642e4",
    "https://deno.land/std@0.93.0/path/_util.ts": "2e06a3b9e79beaf62687196bd4b60a4c391d862cfa007a20fc3a39f778ba073b",
    "https://deno.land/std@0.93.0/path/common.ts": "eaf03d08b569e8a87e674e4e265e099f237472b6fd135b3cbeae5827035ea14a",
    "https://deno.land/std@0.93.0/path/glob.ts": "4a524c1c9da3e79a9fdabdc6e850cd9e41bdf31e442856ffa19c5b123268ca95",
    "https://deno.land/std@0.93.0/path/mod.ts": "4465dc494f271b02569edbb4a18d727063b5dbd6ed84283ff906260970a15d12",
    "https://deno.land/std@0.93.0/path/posix.ts": "f56c3c99feb47f30a40ce9d252ef6f00296fa7c0fcb6dd81211bdb3b8b99ca3b",
    "https://deno.land/std@0.93.0/path/separator.ts": "8fdcf289b1b76fd726a508f57d3370ca029ae6976fcde5044007f062e643ff1c",
    "https://deno.land/std@0.93.0/path/win32.ts": "77f7b3604e0de40f3a7c698e8a79e7f601dc187035a1c21cb1e596666ce112f8",
    "https://deno.land/x/cache@0.2.12/deps.ts": "f992c28c82770eab287f0ea332eae502e397c78e5f27a0a4512f59dd54dee865",
    "https://deno.land/x/cache@0.2.12/directories.ts": "ef48531cab3f827252e248596d15cede0de179a2fb15392ae24cf8034519994f",
    "https://deno.land/x/graphql_deno@v15.0.0/lib/error/GraphQLError.js": "18adbba7aa651770e0876d0c7df4e6e2ab647a9f09d4b5c107c57d6fa157be9d",
    "https://deno.land/x/graphql_deno@v15.0.0/lib/error/formatError.js": "aec87433c501df6d6272b64974e8edf53b2ed192e66782b827328d635ed55df8",
    "https://deno.land/x/graphql_deno@v15.0.0/lib/error/index.js": "7557dcea8830550f82dd7b1984fdc216e14327d094f501bd2a03f80bf609a768",
    "https://deno.land/x/graphql_deno@v15.0.0/lib/error/locatedError.js": "65ad5e9246747d2b63cd2ea48fa22db617e1c7c2b796a27b8ce32bfb0f2a401c",
    "https://deno.land/x/graphql_deno@v15.0.0/lib/error/syntaxError.js": "9c53411030cf5f4e874e9d1c1926f242e4acc4b469197b395ae1a9a7a9092055",
    "https://deno.land/x/graphql_deno@v15.0.0/lib/execution/execute.js": "2d3114e49268a50195195039cc14629b0fe3dff7afeafed9876f1532a95ed4e7",
    "https://deno.land/x/graphql_deno@v15.0.0/lib/execution/index.js": "064615af63e0da1584c557ce130b3ca42acab750289a085ebcc3107aa024ce52",
    "https://deno.land/x/graphql_deno@v15.0.0/lib/execution/values.js": "e9a42ff1593db210a47504eebcc145f70f8d97cfe53c4cce345116bb420fbf95",
    "https://deno.land/x/graphql_deno@v15.0.0/lib/graphql.js": "c34b19e78a57ad0a0ac9b39ec2766ab755b23e61ea08edf124dda1d60104ae54",
    "https://deno.land/x/graphql_deno@v15.0.0/lib/index.js": "ab428112340017d5b1f74e62f958cf0c50c17b664a33be53974ab8738a531c1c",
    "https://deno.land/x/graphql_deno@v15.0.0/lib/jsutils/Path.js": "28322158c8208f92d376969de58c30ea393aada1beb44223d40584d8d89285c0",
    "https://deno.land/x/graphql_deno@v15.0.0/lib/jsutils/defineToJSON.js": "5423bbfe56faf7c3b0cda65b515c7fcc0e111bef46da9f76fed93eaba1859149",
    "https://deno.land/x/graphql_deno@v15.0.0/lib/jsutils/devAssert.js": "7493987e163c294b31f354091b6ca5e87849a132aa3aad8e3c173ac008c8e970",
    "https://deno.land/x/graphql_deno@v15.0.0/lib/jsutils/didYouMean.js": "9b83a8fe7bdd5b02012c097de14a0fe08a5e33662624ce55eb0019f46067b974",
    "https://deno.land/x/graphql_deno@v15.0.0/lib/jsutils/identityFunc.js": "204f973b6a5fc6f60ea62641e58eed254f0bb7d76b2b05e9c0bae54dc7cd324a",
    "https://deno.land/x/graphql_deno@v15.0.0/lib/jsutils/inspect.js": "bb756ad067f23b137b63bb2dabc4e50b070255da2ff10068d9f0a174dd5f3aae",
    "https://deno.land/x/graphql_deno@v15.0.0/lib/jsutils/instanceOf.js": "c2940e2f0c71ed73390ab03ceb04484c40a4f5f28973709702c8279b1b6f96cd",
    "https://deno.land/x/graphql_deno@v15.0.0/lib/jsutils/invariant.js": "b8d3e8438abe0ec591fdc3a3f0f9c2d7750925738ee146ba7a18173a8f2dc1cb",
    "https://deno.land/x/graphql_deno@v15.0.0/lib/jsutils/isCollection.js": "42ffc930d5982ec031b4a7f29db9fd7f3a9e488ca0ceb73183a51a67ad146e2b",
    "https://deno.land/x/graphql_deno@v15.0.0/lib/jsutils/isObjectLike.js": "96403248d91ae55fa67ce81d339bec098aa51e5fc7132eae3f8dcce91ac340ce",
    "https://deno.land/x/graphql_deno@v15.0.0/lib/jsutils/isPromise.js": "dbe9979b7d4ffd920d8a608a9ce7127b943b130822cd907d78b9e56e66843509",
    "https://deno.land/x/graphql_deno@v15.0.0/lib/jsutils/keyMap.js": "4e54790d45a13998d198b0b7b1bc20ae17259e8131c29821d67e64b96dcb249e",
    "https://deno.land/x/graphql_deno@v15.0.0/lib/jsutils/keyValMap.js": "515ebb0c4be9c26f8fa38b7e0db4f2ebf96057196a8fcd52078046f05bf4e4e0",
    "https://deno.land/x/graphql_deno@v15.0.0/lib/jsutils/mapValue.js": "5df0be208d71e372a693ef305287a8f041b061a293cff030aa10bef4c2735981",
    "https://deno.land/x/graphql_deno@v15.0.0/lib/jsutils/memoize3.js": "4212fbf3f75fc8625a8312b18e0b2907efaf9cf6b8131c78a731a707ba638c74",
    "https://deno.land/x/graphql_deno@v15.0.0/lib/jsutils/nodejsCustomInspectSymbol.js": "eb85744be5bab6c4511556b095198b45259b2c020ff2f88f3b04197acc9feb01",
    "https://deno.land/x/graphql_deno@v15.0.0/lib/jsutils/printPathArray.js": "15110572999ddb82bcde2e42a35092d18fa601f5b8312e5823bd43d48f9b773f",
    "https://deno.land/x/graphql_deno@v15.0.0/lib/jsutils/promiseForObject.js": "b82720027d9bf3b81f302baa8d72f80b5d04f2069ebb538875f22993be83ee11",
    "https://deno.land/x/graphql_deno@v15.0.0/lib/jsutils/promiseReduce.js": "178a7c704a3c124a68a60aa71f29fb078268e403dab310b41937d10f5bb55e01",
    "https://deno.land/x/graphql_deno@v15.0.0/lib/jsutils/suggestionList.js": "4504e10e0e9b230cd697ebcf1ffae9b2ae420db2927a44dfbab452558e2f4b4a",
    "https://deno.land/x/graphql_deno@v15.0.0/lib/jsutils/toObjMap.js": "482c18508c808bca6a8e657ab7e3dfacadbf9f78603ce452700199d02f1b9d32",
    "https://deno.land/x/graphql_deno@v15.0.0/lib/language/ast.js": "faa944fc543e4997c82302a6230c190eaf72bfcca1b8db3b29502826bdf9e9bb",
    "https://deno.land/x/graphql_deno@v15.0.0/lib/language/blockString.js": "413ad9886dee36a96875cea8bbb51763b1ab8f1c3e82b8468330e8a5ca877852",
    "https://deno.land/x/graphql_deno@v15.0.0/lib/language/directiveLocation.js": "8500c3878eafe0142f1b1255a998e76b20d3f859d9016ef9f7252878926dfdd8",
    "https://deno.land/x/graphql_deno@v15.0.0/lib/language/index.js": "9289b05fbe173c54e727465996239a3bce6057fb727677ca44af37d60409480d",
    "https://deno.land/x/graphql_deno@v15.0.0/lib/language/kinds.js": "7bdebb8110e7345fe6c14f255225d7c9b5448fb2dd53ea91d035a4b2e1e8f72b",
    "https://deno.land/x/graphql_deno@v15.0.0/lib/language/lexer.js": "68bf4d832a8d1b4af3a0432ad308bc6f3ffbf60eb1c4e786503b30aff7e17564",
    "https://deno.land/x/graphql_deno@v15.0.0/lib/language/location.js": "9994a20bee8d97ff69781b35477f596a3e6bee9ac1d914340e435bc0298922ee",
    "https://deno.land/x/graphql_deno@v15.0.0/lib/language/parser.js": "53af901714fda7e62137fe2fe9eccecb4945a8648cffbb93ace439a0e445f05e",
    "https://deno.land/x/graphql_deno@v15.0.0/lib/language/predicates.js": "cfd7e10b724590b618f67845ce1d1ca712b7da5943622b40881e7653f5557ab7",
    "https://deno.land/x/graphql_deno@v15.0.0/lib/language/printLocation.js": "26b21c32abaee20e11a072984c381384dd5645be50bcbbdb59bac435490a60e9",
    "https://deno.land/x/graphql_deno@v15.0.0/lib/language/printer.js": "a2da61f578725d78182fadfdc0ce809c30ed7d6b8369b98b1606b68b0e949b39",
    "https://deno.land/x/graphql_deno@v15.0.0/lib/language/source.js": "e2a870f2446abf092996453d87f98214f12898e83980b76706cc8160993f16a8",
    "https://deno.land/x/graphql_deno@v15.0.0/lib/language/tokenKind.js": "ad57e9dddaca5336e49a715b710c8142d9ff963270f3d4d6b63348a482922a74",
    "https://deno.land/x/graphql_deno@v15.0.0/lib/language/visitor.js": "47b0a0f0d2f1e1edbf18a4b26861d371c41c0bfebf7c3f9ccb2e423663184dcd",
    "https://deno.land/x/graphql_deno@v15.0.0/lib/polyfills/arrayFrom.js": "b57194d34b98ac5926ae83e0a83e884d63ee9ec2d2ae3e846f1783cb26f6dbf8",
    "https://deno.land/x/graphql_deno@v15.0.0/lib/polyfills/find.js": "30ebdb4e2cd0ed5b0e3e4a00877f2bd2ac62de6d70a4c63152021fe724e41911",
    "https://deno.land/x/graphql_deno@v15.0.0/lib/polyfills/flatMap.js": "29d62564cd9745536e366e09b7f6cbe8860d8423c00ca253ae6cbfba839f2fc6",
    "https://deno.land/x/graphql_deno@v15.0.0/lib/polyfills/isFinite.js": "231e2d149aa58e8288b6cf86f588a1597f3f8d432928a17af9c348b48bd8ddde",
    "https://deno.land/x/graphql_deno@v15.0.0/lib/polyfills/isInteger.js": "0b68164ae12c46b16e439a5384af0c8c395f5c941e0f03fb71ee2ee9cb45fae6",
    "https://deno.land/x/graphql_deno@v15.0.0/lib/polyfills/objectEntries.js": "c261873f15f88ecb1497427844a9afc541168a92b7d75d69446732a0d381c819",
    "https://deno.land/x/graphql_deno@v15.0.0/lib/polyfills/objectValues.js": "7c3ed07793a1685cf018fa028275ff556213ba953c43dd2410bb549a86ee801b",
    "https://deno.land/x/graphql_deno@v15.0.0/lib/polyfills/symbols.js": "bbe907378637a4264484590815d80563cfbd8a8a5f396ac9d2be4107658e5bf7",
    "https://deno.land/x/graphql_deno@v15.0.0/lib/subscription/index.js": "3c2e03b8225f66a541d870fb6729ad2e3afbd923a0d07713a087c22d134097b3",
    "https://deno.land/x/graphql_deno@v15.0.0/lib/subscription/mapAsyncIterator.js": "ff581dcfccf8aeedfefe1c42a8f01c7898c1a2b093e5f6fb4d2e62b2f83ab8c8",
    "https://deno.land/x/graphql_deno@v15.0.0/lib/subscription/subscribe.js": "f4d316d4f7e3e60cc3f9f8371e6122396653ff1836a27d44a3e8bf1cfa3d5def",
    "https://deno.land/x/graphql_deno@v15.0.0/lib/type/definition.js": "94ef1069f5e034f9dc34ca7f25370fe81a58365acbb6e932ab9e0db92efe8287",
    "https://deno.land/x/graphql_deno@v15.0.0/lib/type/directives.js": "d4614736de1997413a4970b73865c99d3b01922eda3de1e587c27c25c24e8892",
    "https://deno.land/x/graphql_deno@v15.0.0/lib/type/index.js": "4a7d837f30c56cf3074ee527f4b9388d160ad20cd545d4fdebac500acdf102b0",
    "https://deno.land/x/graphql_deno@v15.0.0/lib/type/introspection.js": "c63b4c5a578d76f8d159837ce531e1193dd3a2629148aedb895b511141303afd",
    "https://deno.land/x/graphql_deno@v15.0.0/lib/type/scalars.js": "d447913dbdcaaa32f2eaa5d86bd39b5342bfcf78d9ddd6b2173ad717ae7fa734",
    "https://deno.land/x/graphql_deno@v15.0.0/lib/type/schema.js": "1c92f80cc2c1f0a14a5b3fcb13d55f215f14e1b2bb7b92c2674ede22f969f033",
    "https://deno.land/x/graphql_deno@v15.0.0/lib/type/validate.js": "f8300538e4327b46959ff83a7dabd55e42148ef07fa66c79f72b308a46cfd369",
    "https://deno.land/x/graphql_deno@v15.0.0/lib/utilities/TypeInfo.js": "03276253d0ab3d4947f7bf63ca4ccc4fe0073f73063952103530f8193a98e546",
    "https://deno.land/x/graphql_deno@v15.0.0/lib/utilities/assertValidName.js": "d6b44f4dddcc50ebe92c7cb9b94ecc9b27627994b3c156ce63d33279c7f7d0e4",
    "https://deno.land/x/graphql_deno@v15.0.0/lib/utilities/astFromValue.js": "d460204b065b8e1036e215faa9a617a20c268e687ed424208dabc5cd5f40f2d1",
    "https://deno.land/x/graphql_deno@v15.0.0/lib/utilities/buildASTSchema.js": "d4aeade98d0a1bc6ffdc160fdc78e9edf22a9efdc550cdc6121d1c83ff1e6c84",
    "https://deno.land/x/graphql_deno@v15.0.0/lib/utilities/buildClientSchema.js": "1ac64f6aacdf57e9b552a0c45e7176c988c0d97310f646d7d048899524856d3a",
    "https://deno.land/x/graphql_deno@v15.0.0/lib/utilities/coerceInputValue.js": "ee59bf0ed0857af92c4f40a309365fd57770821b3c788b6b13d0d1051ffec0da",
    "https://deno.land/x/graphql_deno@v15.0.0/lib/utilities/concatAST.js": "bf410b42f7aa015ff0cd938623894906ac19329d9cd9a2298cf97de7cb01442a",
    "https://deno.land/x/graphql_deno@v15.0.0/lib/utilities/extendSchema.js": "802fbd291d21cfa97c1ebea4fa6528ac6cddbbcc27c169942c975ce708a9f295",
    "https://deno.land/x/graphql_deno@v15.0.0/lib/utilities/findBreakingChanges.js": "2c8dfd8acf617e5d8a96e389ba6bccb0845fc4470f680957a1ca64514337574a",
    "https://deno.land/x/graphql_deno@v15.0.0/lib/utilities/findDeprecatedUsages.js": "5a5366e6ed3c99e16d73b1235ee9062ac10d3ec16afafc4d6c4f635cc12370f6",
    "https://deno.land/x/graphql_deno@v15.0.0/lib/utilities/getIntrospectionQuery.js": "81125e8afec11871bf532dff9dd523016292c5a57f84d0c04a142a6704ba1572",
    "https://deno.land/x/graphql_deno@v15.0.0/lib/utilities/getOperationAST.js": "5fef27e56f708c5336a78e611f08627122a6673d10ea1db6f5466c6f984ad9a2",
    "https://deno.land/x/graphql_deno@v15.0.0/lib/utilities/getOperationRootType.js": "58addddae7feabecce40191d836f7e65a9478cf0d9df6c360c4c30e6f5f6f09c",
    "https://deno.land/x/graphql_deno@v15.0.0/lib/utilities/index.js": "d0e34dcf95627362527e93e7eaa970caee63b40ed04ff1da320b6426484c8278",
    "https://deno.land/x/graphql_deno@v15.0.0/lib/utilities/introspectionFromSchema.js": "50a2202f28b25e98bc496f151de8fc6b2feeb81bab9739fee97f66ac30ef8652",
    "https://deno.land/x/graphql_deno@v15.0.0/lib/utilities/lexicographicSortSchema.js": "ad2b935289966fc75700a3b511b86e79130d505399b0c2de052e9915624e2c2a",
    "https://deno.land/x/graphql_deno@v15.0.0/lib/utilities/printSchema.js": "104a4666bf3e745ad1fbd30c227d3e06902a2b255c95e29183dcd6d98fad76be",
    "https://deno.land/x/graphql_deno@v15.0.0/lib/utilities/separateOperations.js": "ac7e7789fddc0fcf2b439897fce86601a16c6d3f4e20b7f6837278bcf1c36a56",
    "https://deno.land/x/graphql_deno@v15.0.0/lib/utilities/stripIgnoredCharacters.js": "be44c652bfa218b18e5d4387a068d2e431d75e770ddc38ced6eb95a0b8854eab",
    "https://deno.land/x/graphql_deno@v15.0.0/lib/utilities/typeComparators.js": "dcda7fffeaf3999bfd993a4faac36547dace3ec3f78d7686f4334f86a6c3aec0",
    "https://deno.land/x/graphql_deno@v15.0.0/lib/utilities/typeFromAST.js": "99cd615599626259b8e2b9974e22bf8beb495f541b20d78f4a01d48de2f97942",
    "https://deno.land/x/graphql_deno@v15.0.0/lib/utilities/valueFromAST.js": "26098b7e5074d408f877f8b4566e6183cd77f076ee2e3f1413e53c4677e150ce",
    "https://deno.land/x/graphql_deno@v15.0.0/lib/utilities/valueFromASTUntyped.js": "9db575f95392635bb02dc417d920e9ae6552b2fa871b19e94ad0cc9ceb83c892",
    "https://deno.land/x/graphql_deno@v15.0.0/lib/validation/ValidationContext.js": "52808fc712f4ef50f79edcb30cb907721e449b55c54225551d2ad09660351dba",
    "https://deno.land/x/graphql_deno@v15.0.0/lib/validation/index.js": "1b91224c90bae4b49c6b8227c190c34cb3600433423c257a672801e12910c06d",
    "https://deno.land/x/graphql_deno@v15.0.0/lib/validation/rules/ExecutableDefinitionsRule.js": "f94c0c866335d1c249d08efa55da0dd6e5954844fa7851b6a0d6b3cd86383819",
    "https://deno.land/x/graphql_deno@v15.0.0/lib/validation/rules/FieldsOnCorrectTypeRule.js": "587eb8a9e7376e58ea6a0bbb12585ca45621a0be102dc7e6c641adee9652e91d",
    "https://deno.land/x/graphql_deno@v15.0.0/lib/validation/rules/FragmentsOnCompositeTypesRule.js": "6a6172831b4e7e6431af810505e23bdf82b7f46d92cfe719226c549a36a75b92",
    "https://deno.land/x/graphql_deno@v15.0.0/lib/validation/rules/KnownArgumentNamesRule.js": "2ab0571f6a6b9c5486b76a09955efde97ef3ff7e9cc06ecfcec8e1f830b8e79b",
    "https://deno.land/x/graphql_deno@v15.0.0/lib/validation/rules/KnownDirectivesRule.js": "57f4c9df617702d3695c3010f6822641b4c7343c65a4873bab6b29c911424e2c",
    "https://deno.land/x/graphql_deno@v15.0.0/lib/validation/rules/KnownFragmentNamesRule.js": "24273c31aa208652113a2e635853c336227a2756fc642ece6e977bd9c4ccb094",
    "https://deno.land/x/graphql_deno@v15.0.0/lib/validation/rules/KnownTypeNamesRule.js": "b600453083f32688c43f2225399439b4f6312903397572b947ea4fc80ac17b52",
    "https://deno.land/x/graphql_deno@v15.0.0/lib/validation/rules/LoneAnonymousOperationRule.js": "ec860c3ce338509b1e407c5cea36aa6e97e34ed207e5cdf719d6f7fa4026398c",
    "https://deno.land/x/graphql_deno@v15.0.0/lib/validation/rules/LoneSchemaDefinitionRule.js": "d3e40186003d89bd45c751156a6df69af6970beb5493c891cd79e1eaab734968",
    "https://deno.land/x/graphql_deno@v15.0.0/lib/validation/rules/NoFragmentCyclesRule.js": "1445f37ad14819d117371c70acdc725459d89b9a8773dd2c15e131f5d71b92ac",
    "https://deno.land/x/graphql_deno@v15.0.0/lib/validation/rules/NoUndefinedVariablesRule.js": "7aaf4409398526fef667fa6cede56b60824166409247b62c2f74b2c4a1ea5497",
    "https://deno.land/x/graphql_deno@v15.0.0/lib/validation/rules/NoUnusedFragmentsRule.js": "9d1c9b11d6287f077cff8661c704f9aa0fdf53de0b4894c4e7fe29597a32a704",
    "https://deno.land/x/graphql_deno@v15.0.0/lib/validation/rules/NoUnusedVariablesRule.js": "8d477bdbc19eb02556e7899b97b147511ccb69777ae29136c12e2f49d6c7a264",
    "https://deno.land/x/graphql_deno@v15.0.0/lib/validation/rules/OverlappingFieldsCanBeMergedRule.js": "5f74a4c076f8c18ce6371bfda2d213c4461655f830fb506569a1cc71faa56e96",
    "https://deno.land/x/graphql_deno@v15.0.0/lib/validation/rules/PossibleFragmentSpreadsRule.js": "0bf927e91d4103c630ef3a10b586586ababb1412874917fed1b5b908d40bc54b",
    "https://deno.land/x/graphql_deno@v15.0.0/lib/validation/rules/PossibleTypeExtensionsRule.js": "2c1f8a1371656ff8c992d0e4df5500ecb36475286b5f131d9a880018baf00c73",
    "https://deno.land/x/graphql_deno@v15.0.0/lib/validation/rules/ProvidedRequiredArgumentsRule.js": "03d3af937d5e08c544a10911770f0660ed6eb18d2b8877acc677aac90583f86e",
    "https://deno.land/x/graphql_deno@v15.0.0/lib/validation/rules/ScalarLeafsRule.js": "374bba26d4e9e085560ef20179604955ae191e7c68c85f2f1905fb68686bc079",
    "https://deno.land/x/graphql_deno@v15.0.0/lib/validation/rules/SingleFieldSubscriptionsRule.js": "8a748eb20d1b21fee38aaeae7b368893f113b5b35bbd0fd94c22df072d23e0be",
    "https://deno.land/x/graphql_deno@v15.0.0/lib/validation/rules/UniqueArgumentNamesRule.js": "fe7fafd8d4a5efe66f0d690ef868f55f46c78512cf98abc1bd6ab4c175b86d79",
    "https://deno.land/x/graphql_deno@v15.0.0/lib/validation/rules/UniqueDirectiveNamesRule.js": "6664f72231dfa4fa4337ffeed4868a95e91970825bd45f77d7d4f92bcb49bb50",
    "https://deno.land/x/graphql_deno@v15.0.0/lib/validation/rules/UniqueDirectivesPerLocationRule.js": "0aedfb8194bd8630b84e344a8ff0f6572bb169ad290a18c8391000324c4d8a03",
    "https://deno.land/x/graphql_deno@v15.0.0/lib/validation/rules/UniqueEnumValueNamesRule.js": "fbfec070d1c6ca58514f0e459b7dc5c8fe505d81bd1323509802d65db1463272",
    "https://deno.land/x/graphql_deno@v15.0.0/lib/validation/rules/UniqueFieldDefinitionNamesRule.js": "3da7356eaaf7ae41bf5b86c7c55c4049b962bd9d5339252a90cc46538714b694",
    "https://deno.land/x/graphql_deno@v15.0.0/lib/validation/rules/UniqueFragmentNamesRule.js": "523f0dfeb1ab059bd396d240376e3b602d32405826dd53d8b2e575aaebd7c055",
    "https://deno.land/x/graphql_deno@v15.0.0/lib/validation/rules/UniqueInputFieldNamesRule.js": "433e878697932b4b5cd82dc9282f10650d568360afcd68a6130b9a54ef21e7f1",
    "https://deno.land/x/graphql_deno@v15.0.0/lib/validation/rules/UniqueOperationNamesRule.js": "1de59fc010ff56ef74c856d23f949c523de78f299e9aa7c6d882f1f49959e3be",
    "https://deno.land/x/graphql_deno@v15.0.0/lib/validation/rules/UniqueOperationTypesRule.js": "2faa2b9c0e9c0197f053162e1356dbfa819e02f0c294271873576ac4ea5786fc",
    "https://deno.land/x/graphql_deno@v15.0.0/lib/validation/rules/UniqueTypeNamesRule.js": "d01564b48843b9a316b314f1f9079a25d381bbe02bb47bc47dca0a144fdb596f",
    "https://deno.land/x/graphql_deno@v15.0.0/lib/validation/rules/UniqueVariableNamesRule.js": "5522d2278b64aaf70c30d0dc5e37f70bdbde0201bd6c06c136e0d9d50b0a3c4a",
    "https://deno.land/x/graphql_deno@v15.0.0/lib/validation/rules/ValuesOfCorrectTypeRule.js": "f50002aac89fa875cfb594c7696d0d6eaa8ad39d699e3d0550cda34799797faa",
    "https://deno.land/x/graphql_deno@v15.0.0/lib/validation/rules/VariablesAreInputTypesRule.js": "13337bf58985546627c8060c3ff1201dd21bb6d67e5293819ad0eefa8196a144",
    "https://deno.land/x/graphql_deno@v15.0.0/lib/validation/rules/VariablesInAllowedPositionRule.js": "3032c0af7f9287cb10230685807e1460f12775e24ac76f88496769ad0acc43f0",
    "https://deno.land/x/graphql_deno@v15.0.0/lib/validation/specifiedRules.js": "0e2f6954eb79701a15731f528209a5616ee028133cbf7d4fbecb4e88ac5028c5",
    "https://deno.land/x/graphql_deno@v15.0.0/lib/validation/validate.js": "44bf2bc96845af0bf77e4421f0a05ee57cdc2a688abb32ff6270eacc501327d1",
    "https://deno.land/x/graphql_deno@v15.0.0/lib/version.js": "a135d0beee3fa1405733453e86f1c887e4771d56357504dd78eaa872c0a2b482",
    "https://deno.land/x/graphql_deno@v15.0.0/mod.ts": "c85d6ab2a9c22ff494bfaa5f662507249650419af6c6c27a7a5c8175de61870d",
    "https://deno.land/x/graphql_request@v4.1.0/mod.ts": "a24c6f401b8253bb84c773583bf2b37b1b74eec960639f36eb874ca17972f9e7",
    "https://deno.land/x/graphql_request@v4.1.0/src/createRequestBody.ts": "80b40c902de346622c222a068c4f96679a1bb3233c9b31d728518566ca4e679a",
    "https://deno.land/x/graphql_request@v4.1.0/src/index.ts": "15194aba3fdfc1ba896e7fcf9c11227dd1962b635c7d2101e23ed2e0a57cd900",
    "https://deno.land/x/graphql_request@v4.1.0/src/parseArgs.ts": "d00abde98728be96c902debd7ee5032b05f69fb6bb00f86a2b5adf09159541aa",
    "https://deno.land/x/graphql_request@v4.1.0/src/types.dom.ts": "56432fd7ce0aff31542ec7198ff1a3ea5e3d62fda009510f78bf9c0fc47af13e",
    "https://deno.land/x/graphql_request@v4.1.0/src/types.ts": "63a98d9f8efb1d6a580bbef62861c764f0f0b0d3dda04674f4d9a32d6490440b",
    "https://deno.land/x/puppeteer@16.2.0/mod.ts": "52a47aa1850fc0a8255d6c8c462f4ab7e43104d342e6de7bda334221ca8bdcac",
    "https://deno.land/x/puppeteer@16.2.0/src/deno/BrowserFetcher.ts": "6be7a586667b429138994a4955b2339fc58af9b6d08378672c8a2b052045e308",
    "https://deno.land/x/puppeteer@16.2.0/src/deno/BrowserRunner.ts": "a32b6d2df712afce5f0707aabb6fbcd1e9b1b20e90fc5c34daa081960a638e62",
    "https://deno.land/x/puppeteer@16.2.0/src/deno/LaunchOptions.ts": "16a89285fade2690d50eaa3b81e1412cb6c4c4f0a4ac77484a8c016b5f860f9f",
    "https://deno.land/x/puppeteer@16.2.0/src/deno/Launcher.ts": "aed1359406480cac72c82fd6944c5de098b1b08ed3c0bf750f4bb2ea75ec1f93",
    "https://deno.land/x/puppeteer@16.2.0/src/deno/Puppeteer.ts": "cd01ac2f8b9e8fa9f30ceab1864fbccf20ea7c447794912248e83684706ad0ec",
    "https://deno.land/x/puppeteer@16.2.0/src/initialize-deno.ts": "b19511d8fcddd0ed2f6f0938ec0d791f0549da4269cd07a9b05798d66ee23764",
    "https://deno.land/x/puppeteer@16.2.0/src/mod.ts": "72d600588db0da6039b8a86f735328b3250512b1e48431ea2971f6a7da74033e",
    "https://deno.land/x/puppeteer@16.2.0/vendor/puppeteer-core/puppeteer/common/Accessibility.js": "0b68faa6d65f98309900d21027f3923876c78034efe8d62c149862a5f1f9f696",
    "https://deno.land/x/puppeteer@16.2.0/vendor/puppeteer-core/puppeteer/common/AriaQueryHandler.js": "0c89b1fc865afde7085d2eb59d3e133a5e4de9700abdb233e0c139bc878c4148",
    "https://deno.land/x/puppeteer@16.2.0/vendor/puppeteer-core/puppeteer/common/Browser.js": "5a4246bc69be030ee4c04622c265f22316fe3e126f602d8412854496dabd610b",
    "https://deno.land/x/puppeteer@16.2.0/vendor/puppeteer-core/puppeteer/common/BrowserConnector.js": "bf35821f0daa788409c821a785d08853651f5fb3009802df83236a9798c9cb0c",
    "https://deno.land/x/puppeteer@16.2.0/vendor/puppeteer-core/puppeteer/common/BrowserWebSocketTransport.js": "1a5a83d8953f578caa07909b17544a10aec33e3690552c2d6bc191aec0c74ccb",
    "https://deno.land/x/puppeteer@16.2.0/vendor/puppeteer-core/puppeteer/common/ChromeTargetManager.js": "574ad8b564eda146a73b4074ef83e70da73d80bef803b07ad6778de504b4b08c",
    "https://deno.land/x/puppeteer@16.2.0/vendor/puppeteer-core/puppeteer/common/Connection.js": "7b68d904e2b7f654324feb45e2ec17f642cb13b4bac0405bcf1beb46fcbd6232",
    "https://deno.land/x/puppeteer@16.2.0/vendor/puppeteer-core/puppeteer/common/ConnectionTransport.js": "81c099dd5b8c5dce1f078168614fddc90a56f7f3622c6c7eae624fa62522d661",
    "https://deno.land/x/puppeteer@16.2.0/vendor/puppeteer-core/puppeteer/common/ConsoleMessage.js": "82af42681337b3304c87f71e89caa90598edddb15a2d5d794a2b65b469a21461",
    "https://deno.land/x/puppeteer@16.2.0/vendor/puppeteer-core/puppeteer/common/Coverage.js": "bebaee68ca9231d0f7f723bdc34b27b4145f5d162c45ae65cdaf039dce6fcb43",
    "https://deno.land/x/puppeteer@16.2.0/vendor/puppeteer-core/puppeteer/common/Debug.js": "2db131d2d224f504bb083a33a43a2be103b3bdec4554c2efd18d84b0bc726691",
    "https://deno.land/x/puppeteer@16.2.0/vendor/puppeteer-core/puppeteer/common/DeviceDescriptors.js": "b53379c2756711961e8e574499052c9274a477cdc4ffb2e18440cba1d9e835d2",
    "https://deno.land/x/puppeteer@16.2.0/vendor/puppeteer-core/puppeteer/common/Dialog.js": "0c193b4703e6b799fb37da40a870023d83d605a55a08b9993efebc0670044dfd",
    "https://deno.land/x/puppeteer@16.2.0/vendor/puppeteer-core/puppeteer/common/ElementHandle.js": "1cc33711925f0a63088b25ca15846430e0004436f714f4eb8a5f26c51e5c64d5",
    "https://deno.land/x/puppeteer@16.2.0/vendor/puppeteer-core/puppeteer/common/EmulationManager.js": "8f46460f17e2066422fdbc84f8bebf21049c266f98413061c54901437e92e81b",
    "https://deno.land/x/puppeteer@16.2.0/vendor/puppeteer-core/puppeteer/common/Errors.js": "e745fda7c9f59ac13aebec1c206074ee0f32beb5ef80d559f525d02af375a836",
    "https://deno.land/x/puppeteer@16.2.0/vendor/puppeteer-core/puppeteer/common/EventEmitter.js": "932e4374ca9c0d553f2ff1c12aa5e50432646105e2250753ce27c8dd2b0f0372",
    "https://deno.land/x/puppeteer@16.2.0/vendor/puppeteer-core/puppeteer/common/ExecutionContext.js": "7d3112858a01ee84281b5a461c2b443c68353101a5db05dbce8f0e0160701b20",
    "https://deno.land/x/puppeteer@16.2.0/vendor/puppeteer-core/puppeteer/common/FileChooser.js": "374afa00292e72740c341e9862049fc96583956410efa7e2d4277c469886ab59",
    "https://deno.land/x/puppeteer@16.2.0/vendor/puppeteer-core/puppeteer/common/FirefoxTargetManager.js": "486925a2c4114c50b61e24e595b314795c6ccf8e922ac6de6158856f0ca74698",
    "https://deno.land/x/puppeteer@16.2.0/vendor/puppeteer-core/puppeteer/common/Frame.js": "4b1668171db1649e0c7e4d48db05d801e6b906d9015a9c524c26ea584b89ab96",
    "https://deno.land/x/puppeteer@16.2.0/vendor/puppeteer-core/puppeteer/common/FrameManager.js": "787ec35f5513064b42e501a2b06162cd56f7cd177f69d3f46372c384dbbe3fa2",
    "https://deno.land/x/puppeteer@16.2.0/vendor/puppeteer-core/puppeteer/common/HTTPRequest.js": "cd96da286e4484ece7c2852fd91490c0cb52b32494d11c519362a94c09d18dde",
    "https://deno.land/x/puppeteer@16.2.0/vendor/puppeteer-core/puppeteer/common/HTTPResponse.js": "9cc7dd5bc9e87027dcd36a048c36a2651c295a1124be26733064812fbaadda7b",
    "https://deno.land/x/puppeteer@16.2.0/vendor/puppeteer-core/puppeteer/common/Input.js": "b06a0dde90317937cac17beca95c7e53af2eca1e125a433f3f3ba7364d75a83b",
    "https://deno.land/x/puppeteer@16.2.0/vendor/puppeteer-core/puppeteer/common/IsolatedWorld.js": "0c86c3e08c56992a71cdd2b6c00693aa283fa51ad3acc1b5dfece29d0150b53c",
    "https://deno.land/x/puppeteer@16.2.0/vendor/puppeteer-core/puppeteer/common/JSHandle.js": "d24a93e0b93f8a67359d539b53caff6635a29fc74960c26624561abc94054c48",
    "https://deno.land/x/puppeteer@16.2.0/vendor/puppeteer-core/puppeteer/common/LifecycleWatcher.js": "ab1365f3a2b3c425c797e850f68e3b031684e51d1b361e3aba50a096ecbfbcf6",
    "https://deno.land/x/puppeteer@16.2.0/vendor/puppeteer-core/puppeteer/common/NetworkConditions.js": "81d878736d8b5f65fc634d51aa4f17c67c2e401d01c3ee2bfbba8a578da1b502",
    "https://deno.land/x/puppeteer@16.2.0/vendor/puppeteer-core/puppeteer/common/NetworkEventManager.js": "9dd099fdb8f9c3ec3cdbd49663fbb211b3e113cff0a0e17e8d0528e1387a1b8d",
    "https://deno.land/x/puppeteer@16.2.0/vendor/puppeteer-core/puppeteer/common/NetworkManager.js": "cf7ee9cc6899e42d82080185da4992c90ebd800bb9bfe0c7339296bf759a75b5",
    "https://deno.land/x/puppeteer@16.2.0/vendor/puppeteer-core/puppeteer/common/PDFOptions.js": "02444592eb17c3fe725a326db25bd4516bb8b2b156c07eed8f989c8fdf965180",
    "https://deno.land/x/puppeteer@16.2.0/vendor/puppeteer-core/puppeteer/common/Page.js": "42cd535eeedfe7f0e2b1c26879bbe131b22fa9005e6d20e79e0645326671db81",
    "https://deno.land/x/puppeteer@16.2.0/vendor/puppeteer-core/puppeteer/common/Product.js": "bf93481a7be7d15bf474b7dd0352cbf5f2282e7b27bef423be9a2971f227a823",
    "https://deno.land/x/puppeteer@16.2.0/vendor/puppeteer-core/puppeteer/common/Puppeteer.js": "e9e414d0104a773ac05aba8643828bc17d9f14c3562fa1d26bea00d276f8da4c",
    "https://deno.land/x/puppeteer@16.2.0/vendor/puppeteer-core/puppeteer/common/PuppeteerViewport.js": "bb396810641954eeb95e60d4340aef70c0e0bf9c87f8b2887786d54d5c8118a6",
    "https://deno.land/x/puppeteer@16.2.0/vendor/puppeteer-core/puppeteer/common/QueryHandler.js": "653d7c74199d12283482e2e44e8770414103b312d6718dd4316007fd46b5d091",
    "https://deno.land/x/puppeteer@16.2.0/vendor/puppeteer-core/puppeteer/common/SecurityDetails.js": "0c8c9b77d7216eb53f920d7b24e353693f7385d0e86b8f69c197df4142af2981",
    "https://deno.land/x/puppeteer@16.2.0/vendor/puppeteer-core/puppeteer/common/Target.js": "6965637348b625dd50e5692db4ea2a3257e71e92e93743865acb9b778fb31bef",
    "https://deno.land/x/puppeteer@16.2.0/vendor/puppeteer-core/puppeteer/common/TargetManager.js": "be195fd820c380b7a61f09810986bafd1ecc9e8a96f86e856191ebb14ca8fe05",
    "https://deno.land/x/puppeteer@16.2.0/vendor/puppeteer-core/puppeteer/common/TaskQueue.js": "99de891382620fd905b3cdb523900939f147497dea377367fe89962c25b4b392",
    "https://deno.land/x/puppeteer@16.2.0/vendor/puppeteer-core/puppeteer/common/TimeoutSettings.js": "a66ed134363732a20c4d6b15d303eb076268101be43beffac4947de01715260c",
    "https://deno.land/x/puppeteer@16.2.0/vendor/puppeteer-core/puppeteer/common/Tracing.js": "402aa026afabf6569577dd0de0be693c05462d386b8bb83cdf6eb11231f55691",
    "https://deno.land/x/puppeteer@16.2.0/vendor/puppeteer-core/puppeteer/common/USKeyboardLayout.js": "1a1138b5b503f9c285d767fd4ab364cd567eb034e8d1c64c11e5d2a8f4b9714a",
    "https://deno.land/x/puppeteer@16.2.0/vendor/puppeteer-core/puppeteer/common/WebWorker.js": "b115e1c40232afe9c71e7322b31bc2eb90cb02d0d576f54f692353b8677892be",
    "https://deno.land/x/puppeteer@16.2.0/vendor/puppeteer-core/puppeteer/common/fetch.js": "085b136a4cd76cc930b1512f1513854293fc76cfb7bd52dc024ecb1ca0d4eacf",
    "https://deno.land/x/puppeteer@16.2.0/vendor/puppeteer-core/puppeteer/common/types.js": "2e960c2577695d154e0ff17f850dbd786beeb42bd7b96617c6fbadcc282d20a3",
    "https://deno.land/x/puppeteer@16.2.0/vendor/puppeteer-core/puppeteer/common/util.js": "c2a1bd2d6444bf0263861892bb960bd2111200134617bdb0ac8e1b5bc00cad37",
    "https://deno.land/x/puppeteer@16.2.0/vendor/puppeteer-core/puppeteer/generated/injected.js": "19021fb0bbccb51d940b3fd9a1c2f3edf3f497cc5b439ddcd751578515be0510",
    "https://deno.land/x/puppeteer@16.2.0/vendor/puppeteer-core/puppeteer/generated/version.js": "98cdb536e79a80aebf533181f23aee2dc6a519b68cee450941d6f8522a17d1c3",
    "https://deno.land/x/puppeteer@16.2.0/vendor/puppeteer-core/puppeteer/revisions.js": "73bab96295d98b96687a72ce0face0ca322e033fd892eb498e856e6087fbe98c",
    "https://deno.land/x/puppeteer@16.2.0/vendor/puppeteer-core/puppeteer/types.js": "6d3502ab9da8cf5c338812b84909010d392d7bd3454c1cbfe0903e53de3929c2",
    "https://deno.land/x/puppeteer@16.2.0/vendor/puppeteer-core/puppeteer/util/DeferredPromise.js": "c9e7b394c04644d5b6705503ff1f80aabd64f6b918a25220ed88d37007741a13",
    "https://deno.land/x/puppeteer@16.2.0/vendor/puppeteer-core/puppeteer/util/ErrorLike.js": "d2867293d032857b9a8cbac7882deb88f53f607cdb7efaa5be67b326513979ac",
    "https://deno.land/x/puppeteer@16.2.0/vendor/puppeteer-core/puppeteer/util/assert.js": "463158c2d8421c9afa844beabb02192a30cb49c08eb01190d68ded32e7205cbc",
    "https://deno.land/x/puppeteer@16.2.0/vendor/puppeteer-core/vendor/cache.ts": "5237f44a6df69fbc9d9ccece95454d5b323f859af15fc516cd62fe3063132fbf",
    "https://deno.land/x/puppeteer@16.2.0/vendor/puppeteer-core/vendor/mitt/src/index.js": "b19eeafe8c1f3a5cded4b88bb2fe44f1ce4af618a80fcc91a7241a10fe9eba91",
    "https://deno.land/x/puppeteer@16.2.0/vendor/puppeteer-core/vendor/std.ts": "f40a7715328679df890400a7ed5ca6d959695f416f15f164cf3ad30bf0b00e90",
    "https://deno.land/x/puppeteer@16.2.0/vendor/puppeteer-core/vendor/zip/mod.ts": "29165da19740460ef193cd4f148c936176f22e6422b193fe6b7b1f2be78394d5",
    "https://deno.land/x/puppeteer@16.2.0/vendor/puppeteer-core/vendor/zip/types.ts": "1528d1279fbb64dd118c371331c641a3a5eff2b594336fb38a7659cf4c53b2d1",
    "https://deno.land/x/sqlite@v3.8/build/sqlite.js": "72f63689fffcb9bb5ae10b1e8f7db09ea845cdf713e0e3a9693d8416a28f92a6",
    "https://deno.land/x/sqlite@v3.8/build/vfs.js": "08533cc78fb29b9d9bd62f6bb93e5ef333407013fed185776808f11223ba0e70",
    "https://deno.land/x/sqlite@v3.8/mod.ts": "e09fc79d8065fe222578114b109b1fd60077bff1bb75448532077f784f4d6a83",
    "https://deno.land/x/sqlite@v3.8/src/constants.ts": "90f3be047ec0a89bcb5d6fc30db121685fc82cb00b1c476124ff47a4b0472aa9",
    "https://deno.land/x/sqlite@v3.8/src/db.ts": "7d3251021756fa80f382c3952217c7446c5c8c1642b63511da0938fe33562663",
    "https://deno.land/x/sqlite@v3.8/src/error.ts": "f7a15cb00d7c3797da1aefee3cf86d23e0ae92e73f0ba3165496c3816ab9503a",
    "https://deno.land/x/sqlite@v3.8/src/function.ts": "e4c83b8ec64bf88bafad2407376b0c6a3b54e777593c70336fb40d43a79865f2",
    "https://deno.land/x/sqlite@v3.8/src/query.ts": "d58abda928f6582d77bad685ecf551b1be8a15e8e38403e293ec38522e030cad",
    "https://deno.land/x/sqlite@v3.8/src/wasm.ts": "e79d0baa6e42423257fb3c7cc98091c54399254867e0f34a09b5bdef37bd9487",
    "https://esm.sh/extract-files@12.0.0/extractFiles.mjs": "58e5f1fcf50e3a362d9bde0e2c1a624a7d89d60ac2de005afd895d0d452cca62",
    "https://esm.sh/extract-files@12.0.0/isExtractableFile.mjs": "2757358bbc9141b93cb27d7e0ba98c1e703172dd58fb7d533a31476419d2416f",
    "https://esm.sh/jszip@3.5.0": "88bf67ec93b7ae65365ab941d070f308bd1de9b6da481ea0820be3eacb312aa8",
    "https://esm.sh/v135/core-util-is@1.0.3/denonext/core-util-is.mjs": "f19dfe63f62278ae0c5a25bd85ffeac5bbdb099b22f005d01bbb62673505deec",
    "https://esm.sh/v135/extract-files@12.0.0/denonext/extractFiles.js": "59b30d503c5d9ce135dd76c34ac92cf7e9f85cd129d6be2ff61553bb612ac75f",
    "https://esm.sh/v135/extract-files@12.0.0/denonext/isExtractableFile.js": "93462c162e29fc0e8fd7e9de3665dfd7705f03d41d2721d654f177bc2a7fe305",
    "https://esm.sh/v135/immediate@3.0.6/denonext/immediate.mjs": "521875473fbc7a2cbf94a7475e64883a9ca4b79c19d9138edfbf31ac2eeb0efa",
    "https://esm.sh/v135/inherits@2.0.4/denonext/inherits.mjs": "8095f3d6aea060c904fb24ae50f2882779c0acbe5d56814514c8b5153f3b4b3b",
    "https://esm.sh/v135/is-plain-obj@4.1.0/denonext/is-plain-obj.mjs": "d3d86a7174ad7935de7b00f904b6424c103bce530c502efb7f42114cbb1a555f",
    "https://esm.sh/v135/isarray@1.0.0/denonext/isarray.mjs": "6368a41cf02c83843453ac571deb4c393c14e6f5e1d9ca6bbe43a4623f3856c8",
    "https://esm.sh/v135/jszip@3.5.0/denonext/jszip.mjs": "474dceb4f80035138f22795a6656fd7d0527169d78002b5d5c93467c2a8e8fac",
    "https://esm.sh/v135/lie@3.3.0/denonext/lie.mjs": "f3ab68d4533f6ff9271146709e40cbacde86c8c499ae3c3bc54f8372b6120cc9",
    "https://esm.sh/v135/pako@1.0.11/denonext/pako.mjs": "774bdd33d32995bf624fcac62a46d43bee09b255f1d8b954ea28f0fd9f8b96df",
    "https://esm.sh/v135/process-nextick-args@2.0.1/denonext/process-nextick-args.mjs": "a57885eb600374afb2521e1d47e92df4d292d49c90c31496da5d0dde2f0d0b5f",
    "https://esm.sh/v135/readable-stream@2.3.8/denonext/readable-stream.mjs": "acf060ba58890a4049fd951c869568658050bdfc13b51f26e90414b77cad4e9c",
    "https://esm.sh/v135/safe-buffer@5.1.2/denonext/safe-buffer.mjs": "bf91200afdaf8be92e5c7d4c79e4dc9b5c534f76e104f1b37e5891d6f81eaca2",
    "https://esm.sh/v135/set-immediate-shim@1.0.1/denonext/set-immediate-shim.mjs": "2ff36ce48c47dda8fb85fdfde6ad53ed3a329d140b3e19bbe9750aebdf10812a",
    "https://esm.sh/v135/util-deprecate@1.0.2/denonext/util-deprecate.mjs": "f69f67cf655c38428b0934e0f7c865c055834a87cc3866b629d6b2beb21005e9"
  }
}
